// !$*UTF8*$!
{
	archiveVersion = 1;
	classes = {
	};
	objectVersion = 46;
	objects = {

/* Begin PBXBuildFile section */
		A256B8F51E44A98A001022D2 /* AppDelegate.swift in Sources */ = {isa = PBXBuildFile; fileRef = A256B8F41E44A98A001022D2 /* AppDelegate.swift */; };
		A256B8F71E44A98A001022D2 /* ViewController.swift in Sources */ = {isa = PBXBuildFile; fileRef = A256B8F61E44A98A001022D2 /* ViewController.swift */; };
		A256B8FA1E44A98A001022D2 /* Main.storyboard in Resources */ = {isa = PBXBuildFile; fileRef = A256B8F81E44A98A001022D2 /* Main.storyboard */; };
		A256B8FD1E44A98A001022D2 /* LunchVote.xcdatamodeld in Sources */ = {isa = PBXBuildFile; fileRef = A256B8FB1E44A98A001022D2 /* LunchVote.xcdatamodeld */; };
		A256B8FF1E44A98A001022D2 /* Assets.xcassets in Resources */ = {isa = PBXBuildFile; fileRef = A256B8FE1E44A98A001022D2 /* Assets.xcassets */; };
		A256B9021E44A98A001022D2 /* LaunchScreen.storyboard in Resources */ = {isa = PBXBuildFile; fileRef = A256B9001E44A98A001022D2 /* LaunchScreen.storyboard */; };
		A256B90D1E44A98A001022D2 /* LunchVoteTests.swift in Sources */ = {isa = PBXBuildFile; fileRef = A256B90C1E44A98A001022D2 /* LunchVoteTests.swift */; };
		A256B9181E44A98A001022D2 /* LunchVoteUITests.swift in Sources */ = {isa = PBXBuildFile; fileRef = A256B9171E44A98A001022D2 /* LunchVoteUITests.swift */; };
/* End PBXBuildFile section */

/* Begin PBXContainerItemProxy section */
		A256B9091E44A98A001022D2 /* PBXContainerItemProxy */ = {
			isa = PBXContainerItemProxy;
			containerPortal = A256B8E91E44A98A001022D2 /* Project object */;
			proxyType = 1;
			remoteGlobalIDString = A256B8F01E44A98A001022D2;
			remoteInfo = LunchVote;
		};
		A256B9141E44A98A001022D2 /* PBXContainerItemProxy */ = {
			isa = PBXContainerItemProxy;
			containerPortal = A256B8E91E44A98A001022D2 /* Project object */;
			proxyType = 1;
			remoteGlobalIDString = A256B8F01E44A98A001022D2;
			remoteInfo = LunchVote;
		};
/* End PBXContainerItemProxy section */

/* Begin PBXFileReference section */
		A256B8F11E44A98A001022D2 /* LunchVote.app */ = {isa = PBXFileReference; explicitFileType = wrapper.application; includeInIndex = 0; path = LunchVote.app; sourceTree = BUILT_PRODUCTS_DIR; };
		A256B8F41E44A98A001022D2 /* AppDelegate.swift */ = {isa = PBXFileReference; lastKnownFileType = sourcecode.swift; path = AppDelegate.swift; sourceTree = "<group>"; };
		A256B8F61E44A98A001022D2 /* ViewController.swift */ = {isa = PBXFileReference; lastKnownFileType = sourcecode.swift; path = ViewController.swift; sourceTree = "<group>"; };
		A256B8F91E44A98A001022D2 /* Base */ = {isa = PBXFileReference; lastKnownFileType = file.storyboard; name = Base; path = Base.lproj/Main.storyboard; sourceTree = "<group>"; };
		A256B8FC1E44A98A001022D2 /* LunchVote.xcdatamodel */ = {isa = PBXFileReference; lastKnownFileType = wrapper.xcdatamodel; path = LunchVote.xcdatamodel; sourceTree = "<group>"; };
		A256B8FE1E44A98A001022D2 /* Assets.xcassets */ = {isa = PBXFileReference; lastKnownFileType = folder.assetcatalog; path = Assets.xcassets; sourceTree = "<group>"; };
		A256B9011E44A98A001022D2 /* Base */ = {isa = PBXFileReference; lastKnownFileType = file.storyboard; name = Base; path = Base.lproj/LaunchScreen.storyboard; sourceTree = "<group>"; };
		A256B9031E44A98A001022D2 /* Info.plist */ = {isa = PBXFileReference; lastKnownFileType = text.plist.xml; path = Info.plist; sourceTree = "<group>"; };
		A256B9081E44A98A001022D2 /* LunchVoteTests.xctest */ = {isa = PBXFileReference; explicitFileType = wrapper.cfbundle; includeInIndex = 0; path = LunchVoteTests.xctest; sourceTree = BUILT_PRODUCTS_DIR; };
		A256B90C1E44A98A001022D2 /* LunchVoteTests.swift */ = {isa = PBXFileReference; lastKnownFileType = sourcecode.swift; path = LunchVoteTests.swift; sourceTree = "<group>"; };
		A256B90E1E44A98A001022D2 /* Info.plist */ = {isa = PBXFileReference; lastKnownFileType = text.plist.xml; path = Info.plist; sourceTree = "<group>"; };
		A256B9131E44A98A001022D2 /* LunchVoteUITests.xctest */ = {isa = PBXFileReference; explicitFileType = wrapper.cfbundle; includeInIndex = 0; path = LunchVoteUITests.xctest; sourceTree = BUILT_PRODUCTS_DIR; };
		A256B9171E44A98A001022D2 /* LunchVoteUITests.swift */ = {isa = PBXFileReference; lastKnownFileType = sourcecode.swift; path = LunchVoteUITests.swift; sourceTree = "<group>"; };
		A256B9191E44A98A001022D2 /* Info.plist */ = {isa = PBXFileReference; lastKnownFileType = text.plist.xml; path = Info.plist; sourceTree = "<group>"; };
/* End PBXFileReference section */

/* Begin PBXFrameworksBuildPhase section */
		A256B8EE1E44A98A001022D2 /* Frameworks */ = {
			isa = PBXFrameworksBuildPhase;
			buildActionMask = 2147483647;
			files = (
			);
			runOnlyForDeploymentPostprocessing = 0;
		};
		A256B9051E44A98A001022D2 /* Frameworks */ = {
			isa = PBXFrameworksBuildPhase;
			buildActionMask = 2147483647;
			files = (
			);
			runOnlyForDeploymentPostprocessing = 0;
		};
		A256B9101E44A98A001022D2 /* Frameworks */ = {
			isa = PBXFrameworksBuildPhase;
			buildActionMask = 2147483647;
			files = (
			);
			runOnlyForDeploymentPostprocessing = 0;
		};
/* End PBXFrameworksBuildPhase section */

/* Begin PBXGroup section */
		A256B8E81E44A98A001022D2 = {
			isa = PBXGroup;
			children = (
				A256B8F31E44A98A001022D2 /* LunchVote */,
				A256B90B1E44A98A001022D2 /* LunchVoteTests */,
				A256B9161E44A98A001022D2 /* LunchVoteUITests */,
				A256B8F21E44A98A001022D2 /* Products */,
			);
			sourceTree = "<group>";
		};
		A256B8F21E44A98A001022D2 /* Products */ = {
			isa = PBXGroup;
			children = (
				A256B8F11E44A98A001022D2 /* LunchVote.app */,
				A256B9081E44A98A001022D2 /* LunchVoteTests.xctest */,
				A256B9131E44A98A001022D2 /* LunchVoteUITests.xctest */,
			);
			name = Products;
			sourceTree = "<group>";
		};
		A256B8F31E44A98A001022D2 /* LunchVote */ = {
			isa = PBXGroup;
			children = (
				A256B8F41E44A98A001022D2 /* AppDelegate.swift */,
				A256B8F61E44A98A001022D2 /* ViewController.swift */,
				A256B8F81E44A98A001022D2 /* Main.storyboard */,
				A256B8FE1E44A98A001022D2 /* Assets.xcassets */,
				A256B9001E44A98A001022D2 /* LaunchScreen.storyboard */,
				A256B9031E44A98A001022D2 /* Info.plist */,
				A256B8FB1E44A98A001022D2 /* LunchVote.xcdatamodeld */,
			);
			path = LunchVote;
			sourceTree = "<group>";
		};
		A256B90B1E44A98A001022D2 /* LunchVoteTests */ = {
			isa = PBXGroup;
			children = (
				A256B90C1E44A98A001022D2 /* LunchVoteTests.swift */,
				A256B90E1E44A98A001022D2 /* Info.plist */,
			);
			path = LunchVoteTests;
			sourceTree = "<group>";
		};
		A256B9161E44A98A001022D2 /* LunchVoteUITests */ = {
			isa = PBXGroup;
			children = (
				A256B9171E44A98A001022D2 /* LunchVoteUITests.swift */,
				A256B9191E44A98A001022D2 /* Info.plist */,
			);
			path = LunchVoteUITests;
			sourceTree = "<group>";
		};
/* End PBXGroup section */

/* Begin PBXNativeTarget section */
		A256B8F01E44A98A001022D2 /* LunchVote */ = {
			isa = PBXNativeTarget;
			buildConfigurationList = A256B91C1E44A98A001022D2 /* Build configuration list for PBXNativeTarget "LunchVote" */;
			buildPhases = (
				A256B8ED1E44A98A001022D2 /* Sources */,
				A256B8EE1E44A98A001022D2 /* Frameworks */,
				A256B8EF1E44A98A001022D2 /* Resources */,
			);
			buildRules = (
			);
			dependencies = (
			);
			name = LunchVote;
			productName = LunchVote;
			productReference = A256B8F11E44A98A001022D2 /* LunchVote.app */;
			productType = "com.apple.product-type.application";
		};
		A256B9071E44A98A001022D2 /* LunchVoteTests */ = {
			isa = PBXNativeTarget;
			buildConfigurationList = A256B91F1E44A98A001022D2 /* Build configuration list for PBXNativeTarget "LunchVoteTests" */;
			buildPhases = (
				A256B9041E44A98A001022D2 /* Sources */,
				A256B9051E44A98A001022D2 /* Frameworks */,
				A256B9061E44A98A001022D2 /* Resources */,
			);
			buildRules = (
			);
			dependencies = (
				A256B90A1E44A98A001022D2 /* PBXTargetDependency */,
			);
			name = LunchVoteTests;
			productName = LunchVoteTests;
			productReference = A256B9081E44A98A001022D2 /* LunchVoteTests.xctest */;
			productType = "com.apple.product-type.bundle.unit-test";
		};
		A256B9121E44A98A001022D2 /* LunchVoteUITests */ = {
			isa = PBXNativeTarget;
			buildConfigurationList = A256B9221E44A98A001022D2 /* Build configuration list for PBXNativeTarget "LunchVoteUITests" */;
			buildPhases = (
				A256B90F1E44A98A001022D2 /* Sources */,
				A256B9101E44A98A001022D2 /* Frameworks */,
				A256B9111E44A98A001022D2 /* Resources */,
			);
			buildRules = (
			);
			dependencies = (
				A256B9151E44A98A001022D2 /* PBXTargetDependency */,
			);
			name = LunchVoteUITests;
			productName = LunchVoteUITests;
			productReference = A256B9131E44A98A001022D2 /* LunchVoteUITests.xctest */;
			productType = "com.apple.product-type.bundle.ui-testing";
		};
/* End PBXNativeTarget section */

/* Begin PBXProject section */
		A256B8E91E44A98A001022D2 /* Project object */ = {
			isa = PBXProject;
			attributes = {
				LastSwiftUpdateCheck = 0820;
				LastUpgradeCheck = 0820;
				ORGANIZATIONNAME = RobertYiJiang;
				TargetAttributes = {
					A256B8F01E44A98A001022D2 = {
						CreatedOnToolsVersion = 8.2.1;
						DevelopmentTeam = DQK83PW4RV;
						ProvisioningStyle = Automatic;
					};
					A256B9071E44A98A001022D2 = {
						CreatedOnToolsVersion = 8.2.1;
						DevelopmentTeam = DQK83PW4RV;
						ProvisioningStyle = Automatic;
						TestTargetID = A256B8F01E44A98A001022D2;
					};
					A256B9121E44A98A001022D2 = {
						CreatedOnToolsVersion = 8.2.1;
						DevelopmentTeam = DQK83PW4RV;
						ProvisioningStyle = Automatic;
						TestTargetID = A256B8F01E44A98A001022D2;
					};
				};
			};
			buildConfigurationList = A256B8EC1E44A98A001022D2 /* Build configuration list for PBXProject "LunchVote" */;
			compatibilityVersion = "Xcode 3.2";
			developmentRegion = English;
			hasScannedForEncodings = 0;
			knownRegions = (
				en,
				Base,
			);
			mainGroup = A256B8E81E44A98A001022D2;
			productRefGroup = A256B8F21E44A98A001022D2 /* Products */;
			projectDirPath = "";
			projectRoot = "";
			targets = (
				A256B8F01E44A98A001022D2 /* LunchVote */,
				A256B9071E44A98A001022D2 /* LunchVoteTests */,
				A256B9121E44A98A001022D2 /* LunchVoteUITests */,
			);
		};
/* End PBXProject section */

/* Begin PBXResourcesBuildPhase section */
		A256B8EF1E44A98A001022D2 /* Resources */ = {
			isa = PBXResourcesBuildPhase;
			buildActionMask = 2147483647;
			files = (
				A256B9021E44A98A001022D2 /* LaunchScreen.storyboard in Resources */,
				A256B8FF1E44A98A001022D2 /* Assets.xcassets in Resources */,
				A256B8FA1E44A98A001022D2 /* Main.storyboard in Resources */,
			);
			runOnlyForDeploymentPostprocessing = 0;
		};
		A256B9061E44A98A001022D2 /* Resources */ = {
			isa = PBXResourcesBuildPhase;
			buildActionMask = 2147483647;
			files = (
			);
			runOnlyForDeploymentPostprocessing = 0;
		};
		A256B9111E44A98A001022D2 /* Resources */ = {
			isa = PBXResourcesBuildPhase;
			buildActionMask = 2147483647;
			files = (
			);
			runOnlyForDeploymentPostprocessing = 0;
		};
/* End PBXResourcesBuildPhase section */

/* Begin PBXSourcesBuildPhase section */
		A256B8ED1E44A98A001022D2 /* Sources */ = {
			isa = PBXSourcesBuildPhase;
			buildActionMask = 2147483647;
			files = (
				A256B8F71E44A98A001022D2 /* ViewController.swift in Sources */,
				A256B8F51E44A98A001022D2 /* AppDelegate.swift in Sources */,
				A256B8FD1E44A98A001022D2 /* LunchVote.xcdatamodeld in Sources */,
			);
			runOnlyForDeploymentPostprocessing = 0;
		};
		A256B9041E44A98A001022D2 /* Sources */ = {
			isa = PBXSourcesBuildPhase;
			buildActionMask = 2147483647;
			files = (
				A256B90D1E44A98A001022D2 /* LunchVoteTests.swift in Sources */,
			);
			runOnlyForDeploymentPostprocessing = 0;
		};
		A256B90F1E44A98A001022D2 /* Sources */ = {
			isa = PBXSourcesBuildPhase;
			buildActionMask = 2147483647;
			files = (
				A256B9181E44A98A001022D2 /* LunchVoteUITests.swift in Sources */,
			);
			runOnlyForDeploymentPostprocessing = 0;
		};
/* End PBXSourcesBuildPhase section */

/* Begin PBXTargetDependency section */
		A256B90A1E44A98A001022D2 /* PBXTargetDependency */ = {
			isa = PBXTargetDependency;
			target = A256B8F01E44A98A001022D2 /* LunchVote */;
			targetProxy = A256B9091E44A98A001022D2 /* PBXContainerItemProxy */;
		};
		A256B9151E44A98A001022D2 /* PBXTargetDependency */ = {
			isa = PBXTargetDependency;
			target = A256B8F01E44A98A001022D2 /* LunchVote */;
			targetProxy = A256B9141E44A98A001022D2 /* PBXContainerItemProxy */;
		};
/* End PBXTargetDependency section */

/* Begin PBXVariantGroup section */
		A256B8F81E44A98A001022D2 /* Main.storyboard */ = {
			isa = PBXVariantGroup;
			children = (
				A256B8F91E44A98A001022D2 /* Base */,
			);
			name = Main.storyboard;
			sourceTree = "<group>";
		};
		A256B9001E44A98A001022D2 /* LaunchScreen.storyboard */ = {
			isa = PBXVariantGroup;
			children = (
				A256B9011E44A98A001022D2 /* Base */,
			);
			name = LaunchScreen.storyboard;
			sourceTree = "<group>";
		};
/* End PBXVariantGroup section */

/* Begin XCBuildConfiguration section */
		A256B91A1E44A98A001022D2 /* Debug */ = {
			isa = XCBuildConfiguration;
			buildSettings = {
				ALWAYS_SEARCH_USER_PATHS = NO;
				CLANG_ANALYZER_NONNULL = YES;
				CLANG_CXX_LANGUAGE_STANDARD = "gnu++0x";
				CLANG_CXX_LIBRARY = "libc++";
				CLANG_ENABLE_MODULES = YES;
				CLANG_ENABLE_OBJC_ARC = YES;
				CLANG_WARN_BOOL_CONVERSION = YES;
				CLANG_WARN_CONSTANT_CONVERSION = YES;
				CLANG_WARN_DIRECT_OBJC_ISA_USAGE = YES_ERROR;
				CLANG_WARN_DOCUMENTATION_COMMENTS = YES;
				CLANG_WARN_EMPTY_BODY = YES;
				CLANG_WARN_ENUM_CONVERSION = YES;
				CLANG_WARN_INFINITE_RECURSION = YES;
				CLANG_WARN_INT_CONVERSION = YES;
				CLANG_WARN_OBJC_ROOT_CLASS = YES_ERROR;
				CLANG_WARN_SUSPICIOUS_MOVE = YES;
				CLANG_WARN_UNREACHABLE_CODE = YES;
				CLANG_WARN__DUPLICATE_METHOD_MATCH = YES;
				"CODE_SIGN_IDENTITY[sdk=iphoneos*]" = "iPhone Developer";
				COPY_PHASE_STRIP = NO;
				DEBUG_INFORMATION_FORMAT = dwarf;
				ENABLE_STRICT_OBJC_MSGSEND = YES;
				ENABLE_TESTABILITY = YES;
				GCC_C_LANGUAGE_STANDARD = gnu99;
				GCC_DYNAMIC_NO_PIC = NO;
				GCC_NO_COMMON_BLOCKS = YES;
				GCC_OPTIMIZATION_LEVEL = 0;
				GCC_PREPROCESSOR_DEFINITIONS = (
					"DEBUG=1",
					"$(inherited)",
				);
				GCC_WARN_64_TO_32_BIT_CONVERSION = YES;
				GCC_WARN_ABOUT_RETURN_TYPE = YES_ERROR;
				GCC_WARN_UNDECLARED_SELECTOR = YES;
				GCC_WARN_UNINITIALIZED_AUTOS = YES_AGGRESSIVE;
				GCC_WARN_UNUSED_FUNCTION = YES;
				GCC_WARN_UNUSED_VARIABLE = YES;
				IPHONEOS_DEPLOYMENT_TARGET = 10.2;
				MTL_ENABLE_DEBUG_INFO = YES;
				ONLY_ACTIVE_ARCH = YES;
				SDKROOT = iphoneos;
				SWIFT_ACTIVE_COMPILATION_CONDITIONS = DEBUG;
				SWIFT_OPTIMIZATION_LEVEL = "-Onone";
			};
			name = Debug;
		};
		A256B91B1E44A98A001022D2 /* Release */ = {
			isa = XCBuildConfiguration;
			buildSettings = {
				ALWAYS_SEARCH_USER_PATHS = NO;
				CLANG_ANALYZER_NONNULL = YES;
				CLANG_CXX_LANGUAGE_STANDARD = "gnu++0x";
				CLANG_CXX_LIBRARY = "libc++";
				CLANG_ENABLE_MODULES = YES;
				CLANG_ENABLE_OBJC_ARC = YES;
				CLANG_WARN_BOOL_CONVERSION = YES;
				CLANG_WARN_CONSTANT_CONVERSION = YES;
				CLANG_WARN_DIRECT_OBJC_ISA_USAGE = YES_ERROR;
				CLANG_WARN_DOCUMENTATION_COMMENTS = YES;
				CLANG_WARN_EMPTY_BODY = YES;
				CLANG_WARN_ENUM_CONVERSION = YES;
				CLANG_WARN_INFINITE_RECURSION = YES;
				CLANG_WARN_INT_CONVERSION = YES;
				CLANG_WARN_OBJC_ROOT_CLASS = YES_ERROR;
				CLANG_WARN_SUSPICIOUS_MOVE = YES;
				CLANG_WARN_UNREACHABLE_CODE = YES;
				CLANG_WARN__DUPLICATE_METHOD_MATCH = YES;
				"CODE_SIGN_IDENTITY[sdk=iphoneos*]" = "iPhone Developer";
				COPY_PHASE_STRIP = NO;
				DEBUG_INFORMATION_FORMAT = "dwarf-with-dsym";
				ENABLE_NS_ASSERTIONS = NO;
				ENABLE_STRICT_OBJC_MSGSEND = YES;
				GCC_C_LANGUAGE_STANDARD = gnu99;
				GCC_NO_COMMON_BLOCKS = YES;
				GCC_WARN_64_TO_32_BIT_CONVERSION = YES;
				GCC_WARN_ABOUT_RETURN_TYPE = YES_ERROR;
				GCC_WARN_UNDECLARED_SELECTOR = YES;
				GCC_WARN_UNINITIALIZED_AUTOS = YES_AGGRESSIVE;
				GCC_WARN_UNUSED_FUNCTION = YES;
				GCC_WARN_UNUSED_VARIABLE = YES;
				IPHONEOS_DEPLOYMENT_TARGET = 10.2;
				MTL_ENABLE_DEBUG_INFO = NO;
				SDKROOT = iphoneos;
				SWIFT_OPTIMIZATION_LEVEL = "-Owholemodule";
				VALIDATE_PRODUCT = YES;
			};
			name = Release;
		};
		A256B91D1E44A98A001022D2 /* Debug */ = {
			isa = XCBuildConfiguration;
			buildSettings = {
				ASSETCATALOG_COMPILER_APPICON_NAME = AppIcon;
				DEVELOPMENT_TEAM = DQK83PW4RV;
				INFOPLIST_FILE = LunchVote/Info.plist;
				LD_RUNPATH_SEARCH_PATHS = "$(inherited) @executable_path/Frameworks";
				PRODUCT_BUNDLE_IDENTIFIER = www.siphty.com.LunchVote;
				PRODUCT_NAME = "$(TARGET_NAME)";
				SWIFT_VERSION = 3.0;
			};
			name = Debug;
		};
		A256B91E1E44A98A001022D2 /* Release */ = {
			isa = XCBuildConfiguration;
			buildSettings = {
				ASSETCATALOG_COMPILER_APPICON_NAME = AppIcon;
				DEVELOPMENT_TEAM = DQK83PW4RV;
				INFOPLIST_FILE = LunchVote/Info.plist;
				LD_RUNPATH_SEARCH_PATHS = "$(inherited) @executable_path/Frameworks";
				PRODUCT_BUNDLE_IDENTIFIER = www.siphty.com.LunchVote;
				PRODUCT_NAME = "$(TARGET_NAME)";
				SWIFT_VERSION = 3.0;
			};
			name = Release;
		};
		A256B9201E44A98A001022D2 /* Debug */ = {
			isa = XCBuildConfiguration;
			buildSettings = {
				ALWAYS_EMBED_SWIFT_STANDARD_LIBRARIES = YES;
				BUNDLE_LOADER = "$(TEST_HOST)";
				DEVELOPMENT_TEAM = DQK83PW4RV;
				INFOPLIST_FILE = LunchVoteTests/Info.plist;
				LD_RUNPATH_SEARCH_PATHS = "$(inherited) @executable_path/Frameworks @loader_path/Frameworks";
				PRODUCT_BUNDLE_IDENTIFIER = www.siphty.com.LunchVoteTests;
				PRODUCT_NAME = "$(TARGET_NAME)";
				SWIFT_VERSION = 3.0;
				TEST_HOST = "$(BUILT_PRODUCTS_DIR)/LunchVote.app/LunchVote";
			};
			name = Debug;
		};
		A256B9211E44A98A001022D2 /* Release */ = {
			isa = XCBuildConfiguration;
			buildSettings = {
				ALWAYS_EMBED_SWIFT_STANDARD_LIBRARIES = YES;
				BUNDLE_LOADER = "$(TEST_HOST)";
				DEVELOPMENT_TEAM = DQK83PW4RV;
				INFOPLIST_FILE = LunchVoteTests/Info.plist;
				LD_RUNPATH_SEARCH_PATHS = "$(inherited) @executable_path/Frameworks @loader_path/Frameworks";
				PRODUCT_BUNDLE_IDENTIFIER = www.siphty.com.LunchVoteTests;
				PRODUCT_NAME = "$(TARGET_NAME)";
				SWIFT_VERSION = 3.0;
				TEST_HOST = "$(BUILT_PRODUCTS_DIR)/LunchVote.app/LunchVote";
			};
			name = Release;
		};
		A256B9231E44A98A001022D2 /* Debug */ = {
			isa = XCBuildConfiguration;
			buildSettings = {
				ALWAYS_EMBED_SWIFT_STANDARD_LIBRARIES = YES;
				DEVELOPMENT_TEAM = DQK83PW4RV;
				INFOPLIST_FILE = LunchVoteUITests/Info.plist;
				LD_RUNPATH_SEARCH_PATHS = "$(inherited) @executable_path/Frameworks @loader_path/Frameworks";
				PRODUCT_BUNDLE_IDENTIFIER = www.siphty.com.LunchVoteUITests;
				PRODUCT_NAME = "$(TARGET_NAME)";
				SWIFT_VERSION = 3.0;
				TEST_TARGET_NAME = LunchVote;
			};
			name = Debug;
		};
		A256B9241E44A98A001022D2 /* Release */ = {
			isa = XCBuildConfiguration;
			buildSettings = {
				ALWAYS_EMBED_SWIFT_STANDARD_LIBRARIES = YES;
				DEVELOPMENT_TEAM = DQK83PW4RV;
				INFOPLIST_FILE = LunchVoteUITests/Info.plist;
				LD_RUNPATH_SEARCH_PATHS = "$(inherited) @executable_path/Frameworks @loader_path/Frameworks";
				PRODUCT_BUNDLE_IDENTIFIER = www.siphty.com.LunchVoteUITests;
				PRODUCT_NAME = "$(TARGET_NAME)";
				SWIFT_VERSION = 3.0;
				TEST_TARGET_NAME = LunchVote;
			};
			name = Release;
		};
/* End XCBuildConfiguration section */

/* Begin XCConfigurationList section */
		A256B8EC1E44A98A001022D2 /* Build configuration list for PBXProject "LunchVote" */ = {
			isa = XCConfigurationList;
			buildConfigurations = (
				A256B91A1E44A98A001022D2 /* Debug */,
				A256B91B1E44A98A001022D2 /* Release */,
			);
			defaultConfigurationIsVisible = 0;
			defaultConfigurationName = Release;
		};
		A256B91C1E44A98A001022D2 /* Build configuration list for PBXNativeTarget "LunchVote" */ = {
			isa = XCConfigurationList;
			buildConfigurations = (
				A256B91D1E44A98A001022D2 /* Debug */,
				A256B91E1E44A98A001022D2 /* Release */,
			);
			defaultConfigurationIsVisible = 0;
		};
		A256B91F1E44A98A001022D2 /* Build configuration list for PBXNativeTarget "LunchVoteTests" */ = {
			isa = XCConfigurationList;
			buildConfigurations = (
				A256B9201E44A98A001022D2 /* Debug */,
				A256B9211E44A98A001022D2 /* Release */,
			);
			defaultConfigurationIsVisible = 0;
		};
		A256B9221E44A98A001022D2 /* Build configuration list for PBXNativeTarget "LunchVoteUITests" */ = {
			isa = XCConfigurationList;
			buildConfigurations = (
				A256B9231E44A98A001022D2 /* Debug */,
				A256B9241E44A98A001022D2 /* Release */,
			);
			defaultConfigurationIsVisible = 0;
		};
/* End XCConfigurationList section */

/* Begin XCVersionGroup section */
		A256B8FB1E44A98A001022D2 /* LunchVote.xcdatamodeld */ = {
			isa = XCVersionGroup;
			children = (
				A256B8FC1E44A98A001022D2 /* LunchVote.xcdatamodel */,
			);
			currentVersion = A256B8FC1E44A98A001022D2 /* LunchVote.xcdatamodel */;
			path = LunchVote.xcdatamodeld;
			sourceTree = "<group>";
			versionGroupType = wrapper.xcdatamodel;
		};
/* End XCVersionGroup section */
	};
	rootObject = A256B8E91E44A98A001022D2 /* Project object */;
}
